
Microsoft Visual Studio Solution File, Format Version 12.00
# Visual Studio Version 17
VisualStudioVersion = 17.14.36518.9
MinimumVisualStudioVersion = 10.0.40219.1
Project("{FAE04EC0-301F-11D3-BF4B-00C04F79EFBC}") = "KitapDunyasiBookStore", "Veritabanı_Odevi\KitapDunyasiBookStore.csproj", "{C24A5172-FB40-4F55-AE3A-E3254FB3A5EC}"
EndProject
Global
	GlobalSection(SolutionConfigurationPlatforms) = preSolution
		Debug|Any CPU = Debug|Any CPU
		Release|Any CPU = Release|Any CPU
	EndGlobalSection
	GlobalSection(ProjectConfigurationPlatforms) = postSolution
		{C24A5172-FB40-4F55-AE3A-E3254FB3A5EC}.Debug|Any CPU.ActiveCfg = Debug|Any CPU
		{C24A5172-FB40-4F55-AE3A-E3254FB3A5EC}.Debug|Any CPU.Build.0 = Debug|Any CPU
		{C24A5172-FB40-4F55-AE3A-E3254FB3A5EC}.Release|Any CPU.ActiveCfg = Release|Any CPU
		{C24A5172-FB40-4F55-AE3A-E3254FB3A5EC}.Release|Any CPU.Build.0 = Release|Any CPU
	EndGlobalSection
	GlobalSection(SolutionProperties) = preSolution
		HideSolutionNode = FALSE
	EndGlobalSection
	GlobalSection(ExtensibilityGlobals) = postSolution
		SolutionGuid = {39EF6187-3814-4E07-B58B-646EA82DC062}
	EndGlobalSection
EndGlobal
